
Microsoft Visual Studio Solution File, Format Version 12.00
# Visual Studio Version 17
VisualStudioVersion = 17.7.34221.43
MinimumVisualStudioVersion = 10.0.40219.1
Project("{FAE04EC0-301F-11D3-BF4B-00C04F79EFBC}") = "myAngularAppAPI", "myAngularAppAPI.csproj", "{8ECDF2F0-B877-4A3E-87B8-3434E41C004A}"
EndProject
Global
	GlobalSection(SolutionConfigurationPlatforms) = preSolution
		Debug|Any CPU = Debug|Any CPU
		Release|Any CPU = Release|Any CPU
	EndGlobalSection
	GlobalSection(ProjectConfigurationPlatforms) = postSolution
		{8ECDF2F0-B877-4A3E-87B8-3434E41C004A}.Debug|Any CPU.ActiveCfg = Debug|Any CPU
		{8ECDF2F0-B877-4A3E-87B8-3434E41C004A}.Debug|Any CPU.Build.0 = Debug|Any CPU
		{8ECDF2F0-B877-4A3E-87B8-3434E41C004A}.Release|Any CPU.ActiveCfg = Release|Any CPU
		{8ECDF2F0-B877-4A3E-87B8-3434E41C004A}.Release|Any CPU.Build.0 = Release|Any CPU
	EndGlobalSection
	GlobalSection(SolutionProperties) = preSolution
		HideSolutionNode = FALSE
	EndGlobalSection
	GlobalSection(ExtensibilityGlobals) = postSolution
		SolutionGuid = {9756605F-85F0-4D16-BE1C-8E37D0E12373}
	EndGlobalSection
EndGlobal
